
Microsoft Visual Studio Solution File, Format Version 12.00
# Visual Studio Version 17
VisualStudioVersion = 17.0.31912.275
MinimumVisualStudioVersion = 10.0.40219.1
Project("{9A19103F-16F7-4668-BE54-9A1E7A4F7556}") = "Themis.Geometry.Tests", "test\Themis.Geometry.Tests\Themis.Geometry.Tests.csproj", "{2A13EA2C-9E30-4FFD-95D7-8CB052AB30EE}"
EndProject
Project("{9A19103F-16F7-4668-BE54-9A1E7A4F7556}") = "Themis.Index.Tests", "test\Themis.Index.Tests\Themis.Index.Tests.csproj", "{7368F089-D986-434E-803B-940BD527562E}"
EndProject
Project("{9A19103F-16F7-4668-BE54-9A1E7A4F7556}") = "Themis.Las.Tests", "test\Themis.Las.Tests\Themis.Las.Tests.csproj", "{28BC2F02-52F6-427A-A132-3D2645E14C98}"
EndProject
Project("{2150E333-8FDC-42A3-9474-1A3956D46DE8}") = "Tests", "Tests", "{B7726B02-053F-4D34-8543-297583C9AC13}"
EndProject
Project("{2150E333-8FDC-42A3-9474-1A3956D46DE8}") = "Libraries", "Libraries", "{1FBBC83B-DE5E-4BF0-A6B8-1F7C3BC51451}"
EndProject
Project("{9A19103F-16F7-4668-BE54-9A1E7A4F7556}") = "Themis.Geometry", "src\Libraries\Themis.Geometry\Themis.Geometry.csproj", "{0153A88B-6AD8-482C-8CA5-4F1FB9BC3A3C}"
EndProject
Project("{9A19103F-16F7-4668-BE54-9A1E7A4F7556}") = "Themis.Index", "src\Libraries\Themis.Index\Themis.Index.csproj", "{0875E0B3-0FD1-497F-B9D1-8FDFF4F78F1C}"
EndProject
Project("{9A19103F-16F7-4668-BE54-9A1E7A4F7556}") = "Themis.Las", "src\Libraries\Themis.Las\Themis.Las.csproj", "{8CA52DA6-73B3-41C0-83A3-4DA643D04D13}"
EndProject
Global
	GlobalSection(SolutionConfigurationPlatforms) = preSolution
		Debug|Any CPU = Debug|Any CPU
		Release|Any CPU = Release|Any CPU
	EndGlobalSection
	GlobalSection(ProjectConfigurationPlatforms) = postSolution
		{2A13EA2C-9E30-4FFD-95D7-8CB052AB30EE}.Debug|Any CPU.ActiveCfg = Debug|Any CPU
		{2A13EA2C-9E30-4FFD-95D7-8CB052AB30EE}.Debug|Any CPU.Build.0 = Debug|Any CPU
		{2A13EA2C-9E30-4FFD-95D7-8CB052AB30EE}.Release|Any CPU.ActiveCfg = Release|Any CPU
		{2A13EA2C-9E30-4FFD-95D7-8CB052AB30EE}.Release|Any CPU.Build.0 = Release|Any CPU
		{7368F089-D986-434E-803B-940BD527562E}.Debug|Any CPU.ActiveCfg = Debug|Any CPU
		{7368F089-D986-434E-803B-940BD527562E}.Debug|Any CPU.Build.0 = Debug|Any CPU
		{7368F089-D986-434E-803B-940BD527562E}.Release|Any CPU.ActiveCfg = Release|Any CPU
		{7368F089-D986-434E-803B-940BD527562E}.Release|Any CPU.Build.0 = Release|Any CPU
		{28BC2F02-52F6-427A-A132-3D2645E14C98}.Debug|Any CPU.ActiveCfg = Debug|Any CPU
		{28BC2F02-52F6-427A-A132-3D2645E14C98}.Debug|Any CPU.Build.0 = Debug|Any CPU
		{28BC2F02-52F6-427A-A132-3D2645E14C98}.Release|Any CPU.ActiveCfg = Release|Any CPU
		{28BC2F02-52F6-427A-A132-3D2645E14C98}.Release|Any CPU.Build.0 = Release|Any CPU
		{0153A88B-6AD8-482C-8CA5-4F1FB9BC3A3C}.Debug|Any CPU.ActiveCfg = Debug|Any CPU
		{0153A88B-6AD8-482C-8CA5-4F1FB9BC3A3C}.Debug|Any CPU.Build.0 = Debug|Any CPU
		{0153A88B-6AD8-482C-8CA5-4F1FB9BC3A3C}.Release|Any CPU.ActiveCfg = Release|Any CPU
		{0153A88B-6AD8-482C-8CA5-4F1FB9BC3A3C}.Release|Any CPU.Build.0 = Release|Any CPU
		{0875E0B3-0FD1-497F-B9D1-8FDFF4F78F1C}.Debug|Any CPU.ActiveCfg = Debug|Any CPU
		{0875E0B3-0FD1-497F-B9D1-8FDFF4F78F1C}.Debug|Any CPU.Build.0 = Debug|Any CPU
		{0875E0B3-0FD1-497F-B9D1-8FDFF4F78F1C}.Release|Any CPU.ActiveCfg = Release|Any CPU
		{0875E0B3-0FD1-497F-B9D1-8FDFF4F78F1C}.Release|Any CPU.Build.0 = Release|Any CPU
		{8CA52DA6-73B3-41C0-83A3-4DA643D04D13}.Debug|Any CPU.ActiveCfg = Debug|Any CPU
		{8CA52DA6-73B3-41C0-83A3-4DA643D04D13}.Debug|Any CPU.Build.0 = Debug|Any CPU
		{8CA52DA6-73B3-41C0-83A3-4DA643D04D13}.Release|Any CPU.ActiveCfg = Release|Any CPU
		{8CA52DA6-73B3-41C0-83A3-4DA643D04D13}.Release|Any CPU.Build.0 = Release|Any CPU
	EndGlobalSection
	GlobalSection(SolutionProperties) = preSolution
		HideSolutionNode = FALSE
	EndGlobalSection
	GlobalSection(NestedProjects) = preSolution
		{2A13EA2C-9E30-4FFD-95D7-8CB052AB30EE} = {B7726B02-053F-4D34-8543-297583C9AC13}
		{7368F089-D986-434E-803B-940BD527562E} = {B7726B02-053F-4D34-8543-297583C9AC13}
		{28BC2F02-52F6-427A-A132-3D2645E14C98} = {B7726B02-053F-4D34-8543-297583C9AC13}
		{0153A88B-6AD8-482C-8CA5-4F1FB9BC3A3C} = {1FBBC83B-DE5E-4BF0-A6B8-1F7C3BC51451}
		{0875E0B3-0FD1-497F-B9D1-8FDFF4F78F1C} = {1FBBC83B-DE5E-4BF0-A6B8-1F7C3BC51451}
		{8CA52DA6-73B3-41C0-83A3-4DA643D04D13} = {1FBBC83B-DE5E-4BF0-A6B8-1F7C3BC51451}
	EndGlobalSection
	GlobalSection(ExtensibilityGlobals) = postSolution
		SolutionGuid = {59C18CDD-E87C-4F3C-B50A-0631A738B787}
	EndGlobalSection
EndGlobal
